
Microsoft Visual Studio Solution File, Format Version 12.00
# Visual Studio 15
VisualStudioVersion = 15.0.27703.2000
MinimumVisualStudioVersion = 10.0.40219.1
Project("{FAE04EC0-301F-11D3-BF4B-00C04F79EFBC}") = "Manager", "Manager\Manager.csproj", "{966401CD-4EC7-40A9-ACB9-B1C5E0937EA3}"
EndProject
Global
	GlobalSection(SolutionConfigurationPlatforms) = preSolution
		Debug|Any CPU = Debug|Any CPU
		Release|Any CPU = Release|Any CPU
	EndGlobalSection
	GlobalSection(ProjectConfigurationPlatforms) = postSolution
		{966401CD-4EC7-40A9-ACB9-B1C5E0937EA3}.Debug|Any CPU.ActiveCfg = Debug|Any CPU
		{966401CD-4EC7-40A9-ACB9-B1C5E0937EA3}.Debug|Any CPU.Build.0 = Debug|Any CPU
		{966401CD-4EC7-40A9-ACB9-B1C5E0937EA3}.Release|Any CPU.ActiveCfg = Release|Any CPU
		{966401CD-4EC7-40A9-ACB9-B1C5E0937EA3}.Release|Any CPU.Build.0 = Release|Any CPU
	EndGlobalSection
	GlobalSection(SolutionProperties) = preSolution
		HideSolutionNode = FALSE
	EndGlobalSection
	GlobalSection(ExtensibilityGlobals) = postSolution
		SolutionGuid = {F068E9D4-E69C-4C97-AB67-38C293B905BC}
	EndGlobalSection
EndGlobal
